
Microsoft Visual Studio Solution File, Format Version 12.00
# Visual Studio Version 17
VisualStudioVersion = 17.1.32421.90
MinimumVisualStudioVersion = 10.0.40219.1
Project("{2150E333-8FDC-42A3-9474-1A3956D46DE8}") = "src", "src", "{2B106312-5426-41DC-AE3B-F6C0BE531143}"
EndProject
Project("{2150E333-8FDC-42A3-9474-1A3956D46DE8}") = "2-Application", "2-Application", "{1081F8FD-5C98-4E0B-8C95-6661981E86B3}"
EndProject
Project("{2150E333-8FDC-42A3-9474-1A3956D46DE8}") = "3-Domain", "3-Domain", "{57C01E6E-2EA9-4AC3-BDEA-C10E82BB4C18}"
EndProject
Project("{2150E333-8FDC-42A3-9474-1A3956D46DE8}") = "4-Infrastructure", "4-Infrastructure", "{9CBCDA33-A0D5-4397-AC89-E71AC36D1276}"
EndProject
Project("{2150E333-8FDC-42A3-9474-1A3956D46DE8}") = "5-Test", "5-Test", "{CE818B4D-69B5-46E3-A4B9-28940C33DCEE}"
EndProject
Project("{2150E333-8FDC-42A3-9474-1A3956D46DE8}") = "1-UI", "1-UI", "{486F1CAA-7665-4545-84CE-E63A53D89C33}"
EndProject
Project("{9A19103F-16F7-4668-BE54-9A1E7A4F7556}") = "FinanceManager.Application", "FinanceManager.Application\FinanceManager.Application.csproj", "{AC197B5C-0B57-42CB-8186-0CDA7F277BD4}"
EndProject
Project("{9A19103F-16F7-4668-BE54-9A1E7A4F7556}") = "FinanceManager.Domain", "FinanceManager.Domain\FinanceManager.Domain.csproj", "{69569D6C-1C08-4EE9-A30D-DB442EABC91F}"
EndProject
Project("{9A19103F-16F7-4668-BE54-9A1E7A4F7556}") = "FinanceManager.Infra", "FinanceManager.Infra\FinanceManager.Infra.csproj", "{74C2DB86-FE86-407E-9912-B07924091594}"
EndProject
Project("{9A19103F-16F7-4668-BE54-9A1E7A4F7556}") = "FinanceManager.Test", "FinanceManager.Test\FinanceManager.Test.csproj", "{74035E0A-3197-4776-9C82-F09EA35D799B}"
EndProject
Project("{9A19103F-16F7-4668-BE54-9A1E7A4F7556}") = "FinancialManager", "FinancialManager\FinancialManager.csproj", "{91CC3D94-AE96-487F-A94D-6D2613476092}"
EndProject
Project("{FAE04EC0-301F-11D3-BF4B-00C04F79EFBC}") = "FinancialManagerWebApi", "FinancialManagerWebApi\FinancialManagerWebApi.csproj", "{FC6973E0-AFA2-40E5-8347-F034C5E7572F}"
EndProject
Global
	GlobalSection(SolutionConfigurationPlatforms) = preSolution
		Debug|Any CPU = Debug|Any CPU
		Release|Any CPU = Release|Any CPU
	EndGlobalSection
	GlobalSection(ProjectConfigurationPlatforms) = postSolution
		{AC197B5C-0B57-42CB-8186-0CDA7F277BD4}.Debug|Any CPU.ActiveCfg = Debug|Any CPU
		{AC197B5C-0B57-42CB-8186-0CDA7F277BD4}.Debug|Any CPU.Build.0 = Debug|Any CPU
		{AC197B5C-0B57-42CB-8186-0CDA7F277BD4}.Release|Any CPU.ActiveCfg = Release|Any CPU
		{AC197B5C-0B57-42CB-8186-0CDA7F277BD4}.Release|Any CPU.Build.0 = Release|Any CPU
		{69569D6C-1C08-4EE9-A30D-DB442EABC91F}.Debug|Any CPU.ActiveCfg = Debug|Any CPU
		{69569D6C-1C08-4EE9-A30D-DB442EABC91F}.Debug|Any CPU.Build.0 = Debug|Any CPU
		{69569D6C-1C08-4EE9-A30D-DB442EABC91F}.Release|Any CPU.ActiveCfg = Release|Any CPU
		{69569D6C-1C08-4EE9-A30D-DB442EABC91F}.Release|Any CPU.Build.0 = Release|Any CPU
		{74C2DB86-FE86-407E-9912-B07924091594}.Debug|Any CPU.ActiveCfg = Debug|Any CPU
		{74C2DB86-FE86-407E-9912-B07924091594}.Debug|Any CPU.Build.0 = Debug|Any CPU
		{74C2DB86-FE86-407E-9912-B07924091594}.Release|Any CPU.ActiveCfg = Release|Any CPU
		{74C2DB86-FE86-407E-9912-B07924091594}.Release|Any CPU.Build.0 = Release|Any CPU
		{74035E0A-3197-4776-9C82-F09EA35D799B}.Debug|Any CPU.ActiveCfg = Debug|Any CPU
		{74035E0A-3197-4776-9C82-F09EA35D799B}.Debug|Any CPU.Build.0 = Debug|Any CPU
		{74035E0A-3197-4776-9C82-F09EA35D799B}.Release|Any CPU.ActiveCfg = Release|Any CPU
		{74035E0A-3197-4776-9C82-F09EA35D799B}.Release|Any CPU.Build.0 = Release|Any CPU
		{91CC3D94-AE96-487F-A94D-6D2613476092}.Debug|Any CPU.ActiveCfg = Debug|Any CPU
		{91CC3D94-AE96-487F-A94D-6D2613476092}.Debug|Any CPU.Build.0 = Debug|Any CPU
		{91CC3D94-AE96-487F-A94D-6D2613476092}.Release|Any CPU.ActiveCfg = Release|Any CPU
		{91CC3D94-AE96-487F-A94D-6D2613476092}.Release|Any CPU.Build.0 = Release|Any CPU
		{FC6973E0-AFA2-40E5-8347-F034C5E7572F}.Debug|Any CPU.ActiveCfg = Debug|Any CPU
		{FC6973E0-AFA2-40E5-8347-F034C5E7572F}.Debug|Any CPU.Build.0 = Debug|Any CPU
		{FC6973E0-AFA2-40E5-8347-F034C5E7572F}.Release|Any CPU.ActiveCfg = Release|Any CPU
		{FC6973E0-AFA2-40E5-8347-F034C5E7572F}.Release|Any CPU.Build.0 = Release|Any CPU
	EndGlobalSection
	GlobalSection(SolutionProperties) = preSolution
		HideSolutionNode = FALSE
	EndGlobalSection
	GlobalSection(NestedProjects) = preSolution
		{1081F8FD-5C98-4E0B-8C95-6661981E86B3} = {2B106312-5426-41DC-AE3B-F6C0BE531143}
		{57C01E6E-2EA9-4AC3-BDEA-C10E82BB4C18} = {2B106312-5426-41DC-AE3B-F6C0BE531143}
		{9CBCDA33-A0D5-4397-AC89-E71AC36D1276} = {2B106312-5426-41DC-AE3B-F6C0BE531143}
		{CE818B4D-69B5-46E3-A4B9-28940C33DCEE} = {2B106312-5426-41DC-AE3B-F6C0BE531143}
		{486F1CAA-7665-4545-84CE-E63A53D89C33} = {2B106312-5426-41DC-AE3B-F6C0BE531143}
		{AC197B5C-0B57-42CB-8186-0CDA7F277BD4} = {1081F8FD-5C98-4E0B-8C95-6661981E86B3}
		{69569D6C-1C08-4EE9-A30D-DB442EABC91F} = {57C01E6E-2EA9-4AC3-BDEA-C10E82BB4C18}
		{74C2DB86-FE86-407E-9912-B07924091594} = {9CBCDA33-A0D5-4397-AC89-E71AC36D1276}
		{74035E0A-3197-4776-9C82-F09EA35D799B} = {CE818B4D-69B5-46E3-A4B9-28940C33DCEE}
		{91CC3D94-AE96-487F-A94D-6D2613476092} = {486F1CAA-7665-4545-84CE-E63A53D89C33}
		{FC6973E0-AFA2-40E5-8347-F034C5E7572F} = {486F1CAA-7665-4545-84CE-E63A53D89C33}
	EndGlobalSection
	GlobalSection(ExtensibilityGlobals) = postSolution
		SolutionGuid = {9DF6CEBE-CD3E-49B1-AA36-40EEFAA89B36}
	EndGlobalSection
EndGlobal
